<?xml version="1.0" encoding="utf-8"?>
<Project ToolsVersion="4.0" xmlns="http://schemas.microsoft.com/developer/msbuild/2003">
  <ItemGroup>
    <Filter Include="Header Files">
      <UniqueIdentifier>{f4aa4aac-af4f-437c-a3a2-a5f82b81a2e7}</UniqueIdentifier>
    </Filter>
    <Filter Include="Resource Files">
      <UniqueIdentifier>{6a947642-8f9f-4aa7-88b7-bd308f163932}</UniqueIdentifier>
    </Filter>
    <Filter Include="Source Files">
      <UniqueIdentifier>{c88727ef-02cc-4cfc-91b4-953134e49f41}</UniqueIdentifier>
    </Filter>
    <Filter Include="Resource Files\audio">
      <UniqueIdentifier>{131205fb-bd60-4ae5-886d-8bf3eadedd88}</UniqueIdentifier>
    </Filter>
    <Filter Include="Resource Files\shaders">
      <UniqueIdentifier>{ad55252a-7fcb-439b-8e57-35957b66832d}</UniqueIdentifier>
    </Filter>
    <Filter Include="Resource Files\textures">
      <UniqueIdentifier>{f00162f8-2ff3-4684-9dcc-f6be454d0e0a}</UniqueIdentifier>
    </Filter>
    <Filter Include="Resource Files\levels">
      <UniqueIdentifier>{167b6ac4-5b0b-497d-989f-f77355b58b5d}</UniqueIdentifier>
    </Filter>
  </ItemGroup>
  <ItemGroup>
    <ClInclude Include="Headers\game.h">
      <Filter>Header Files</Filter>
    </ClInclude>
    <ClInclude Include="Headers\game_object.h">
      <Filter>Header Files</Filter>
    </ClInclude>
    <ClInclude Include="Headers\resource_manager.h">
      <Filter>Header Files</Filter>
    </ClInclude>
    <ClInclude Include="Headers\shader.h">
      <Filter>Header Files</Filter>
    </ClInclude>
    <ClInclude Include="Headers\sprite_renderer.h">
      <Filter>Header Files</Filter>
    </ClInclude>
    <ClInclude Include="Headers\texture.h">
      <Filter>Header Files</Filter>
    </ClInclude>
    <ClInclude Include="Headers\platform_loader.h">
      <Filter>Header Files</Filter>
    </ClInclude>
  </ItemGroup>
  <ItemGroup>
    <ClCompile Include="game.cpp">
      <Filter>Source Files</Filter>
    </ClCompile>
    <ClCompile Include="game_object.cpp">
      <Filter>Source Files</Filter>
    </ClCompile>
    <ClCompile Include="main.cpp">
      <Filter>Source Files</Filter>
    </ClCompile>
    <ClCompile Include="resource_manager.cpp">
      <Filter>Source Files</Filter>
    </ClCompile>
    <ClCompile Include="shader.cpp">
      <Filter>Source Files</Filter>
    </ClCompile>
    <ClCompile Include="sprite_renderer.cpp">
      <Filter>Source Files</Filter>
    </ClCompile>
    <ClCompile Include="texture.cpp">
      <Filter>Source Files</Filter>
    </ClCompile>
    <ClCompile Include="platform_loader.cpp">
      <Filter>Source Files</Filter>
    </ClCompile>
  </ItemGroup>
  <ItemGroup>
    <Media Include="Data\Resources\audio\background.mp3">
      <Filter>Resource Files\audio</Filter>
    </Media>
    <Media Include="Data\Resources\audio\bleep.mp3">
      <Filter>Resource Files\audio</Filter>
    </Media>
    <Media Include="Data\Resources\audio\bleep.wav">
      <Filter>Resource Files\audio</Filter>
    </Media>
    <Media Include="Data\Resources\audio\plink.wav">
      <Filter>Resource Files\audio</Filter>
    </Media>
  </ItemGroup>
  <ItemGroup>
    <Image Include="Data\Resources\textures\background.jpg">
      <Filter>Resource Files\textures</Filter>
    </Image>
    <Image Include="Data\Resources\textures\block.png">
      <Filter>Resource Files\textures</Filter>
    </Image>
    <Image Include="Data\Resources\textures\ship.png">
      <Filter>Resource Files\textures</Filter>
    </Image>
    <Image Include="Data\Resources\textures\goku.png">
      <Filter>Resource Files\textures</Filter>
    </Image>
  </ItemGroup>
  <ItemGroup>
    <None Include="Data\shaders\particle.frag">
      <Filter>Resource Files\shaders</Filter>
    </None>
    <None Include="Data\shaders\particle.vs">
      <Filter>Resource Files\shaders</Filter>
    </None>
    <None Include="Data\shaders\sprite.frag">
      <Filter>Resource Files\shaders</Filter>
    </None>
    <None Include="Data\shaders\sprite.vs">
      <Filter>Resource Files\shaders</Filter>
    </None>
    <None Include="Data\levels\four.lvl">
      <Filter>Resource Files\levels</Filter>
    </None>
    <None Include="Data\levels\one.lvl">
      <Filter>Resource Files\levels</Filter>
    </None>
    <None Include="Data\levels\three.lvl">
      <Filter>Resource Files\levels</Filter>
    </None>
    <None Include="Data\levels\two.lvl">
      <Filter>Resource Files\levels</Filter>
    </None>
  </ItemGroup>
</Project>