<?xml version="1.0" encoding="utf-8"?>
<Project ToolsVersion="4.0" xmlns="http://schemas.microsoft.com/developer/msbuild/2003">
  <ItemGroup>
    <Filter Include="Source Files">
      <UniqueIdentifier>{4FC737F1-C7A5-4376-A066-2A32D752A2FF}</UniqueIdentifier>
      <Extensions>cpp;c;cc;cxx;def;odl;idl;hpj;bat;asm;asmx</Extensions>
    </Filter>
    <Filter Include="Header Files">
      <UniqueIdentifier>{93995380-89BD-4b04-88EB-625FBE52EBFB}</UniqueIdentifier>
      <Extensions>h;hh;hpp;hxx;hm;inl;inc;xsd</Extensions>
    </Filter>
    <Filter Include="Resource Files">
      <UniqueIdentifier>{67DA6AB6-F800-4c08-8B7A-83BB121AAD01}</UniqueIdentifier>
      <Extensions>rc;ico;cur;bmp;dlg;rc2;rct;bin;rgs;gif;jpg;jpeg;jpe;resx;tiff;tif;png;wav;mfcribbon-ms</Extensions>
    </Filter>
    <Filter Include="Resource Files\audio">
      <UniqueIdentifier>{b2cda060-312c-4f2e-8b11-de75c91783d0}</UniqueIdentifier>
    </Filter>
    <Filter Include="Resource Files\textures">
      <UniqueIdentifier>{1c4e3738-9725-411e-b1d5-5154de3d2097}</UniqueIdentifier>
    </Filter>
    <Filter Include="Resource Files\shaders">
      <UniqueIdentifier>{1b70b9f0-21d0-4bcd-9b38-14d7c2d7c38b}</UniqueIdentifier>
    </Filter>
  </ItemGroup>
  <ItemGroup>
    <ClInclude Include="game.h">
      <Filter>Header Files</Filter>
    </ClInclude>
    <ClInclude Include="game_object.h">
      <Filter>Header Files</Filter>
    </ClInclude>
    <ClInclude Include="resource_manager.h">
      <Filter>Header Files</Filter>
    </ClInclude>
    <ClInclude Include="shader.h">
      <Filter>Header Files</Filter>
    </ClInclude>
    <ClInclude Include="sprite_renderer.h">
      <Filter>Header Files</Filter>
    </ClInclude>
    <ClInclude Include="texture.h">
      <Filter>Header Files</Filter>
    </ClInclude>
  </ItemGroup>
  <ItemGroup>
    <ClCompile Include="game.cpp">
      <Filter>Source Files</Filter>
    </ClCompile>
    <ClCompile Include="game_object.cpp">
      <Filter>Source Files</Filter>
    </ClCompile>
    <ClCompile Include="main.cpp">
      <Filter>Source Files</Filter>
    </ClCompile>
    <ClCompile Include="resource_manager.cpp">
      <Filter>Source Files</Filter>
    </ClCompile>
    <ClCompile Include="shader.cpp">
      <Filter>Source Files</Filter>
    </ClCompile>
    <ClCompile Include="sprite_renderer.cpp">
      <Filter>Source Files</Filter>
    </ClCompile>
    <ClCompile Include="texture.cpp">
      <Filter>Source Files</Filter>
    </ClCompile>
  </ItemGroup>
  <ItemGroup>
    <Media Include="Data\Resources\audio\background.mp3">
      <Filter>Resource Files\audio</Filter>
    </Media>
    <Media Include="Data\Resources\audio\bleep.mp3">
      <Filter>Resource Files\audio</Filter>
    </Media>
    <Media Include="Data\Resources\audio\bleep.wav">
      <Filter>Resource Files\audio</Filter>
    </Media>
    <Media Include="Data\Resources\audio\plink.wav">
      <Filter>Resource Files\audio</Filter>
    </Media>
  </ItemGroup>
  <ItemGroup>
    <Image Include="Data\Resources\textures\background.jpg">
      <Filter>Resource Files\textures</Filter>
    </Image>
    <Image Include="Data\Resources\textures\block.png">
      <Filter>Resource Files\textures</Filter>
    </Image>
    <Image Include="Data\Resources\textures\ship.png">
      <Filter>Resource Files\textures</Filter>
    </Image>
  </ItemGroup>
  <ItemGroup>
    <None Include="Data\Resources\shaders\particle.frag">
      <Filter>Resource Files\shaders</Filter>
    </None>
    <None Include="Data\Resources\shaders\particle.vs">
      <Filter>Resource Files\shaders</Filter>
    </None>
    <None Include="Data\Resources\shaders\sprite.frag">
      <Filter>Resource Files\shaders</Filter>
    </None>
    <None Include="Data\Resources\shaders\sprite.vs">
      <Filter>Resource Files\shaders</Filter>
    </None>
  </ItemGroup>
</Project>